Microsoft Visual Studio Solution File, Format Version 12.00
# Visual Studio Version 16
VisualStudioVersion = 16.0.29209.152
MinimumVisualStudioVersion = 10.0.40219.1
Project("{9A19103F-16F7-4668-BE54-9A1E7A4F7556}") = "RuntimeDbChooser.Module.NetStandard", "RuntimeDbChooser.Module\RuntimeDbChooser.Module.NetStandard.csproj", "{EEF9810F-B037-4A40-A644-FD4F35D5A419}"
EndProject
Project("{9A19103F-16F7-4668-BE54-9A1E7A4F7556}") = "RuntimeDbChooser.Module.Blazor", "RuntimeDbChooser.Module.Blazor\RuntimeDbChooser.Module.Blazor.csproj", "{5606E474-BE57-4663-84F8-9778A7F15FB2}"
EndProject
Project("{9A19103F-16F7-4668-BE54-9A1E7A4F7556}") = "RuntimeDbChooser.Blazor.Server", "RuntimeDbChooser.Blazor.Server\RuntimeDbChooser.Blazor.Server.csproj", "{A76E2FEC-6397-4F0C-A6CC-0C0166AB1481}"
EndProject
Global
	GlobalSection(SolutionConfigurationPlatforms) = preSolution
		Debug|Any CPU = Debug|Any CPU
		EasyTest|Any CPU = EasyTest|Any CPU
		Release|Any CPU = Release|Any CPU
	EndGlobalSection
	GlobalSection(ProjectConfigurationPlatforms) = postSolution
		{EEF9810F-B037-4A40-A644-FD4F35D5A419}.Debug|Any CPU.ActiveCfg = Debug|Any CPU
		{EEF9810F-B037-4A40-A644-FD4F35D5A419}.Debug|Any CPU.Build.0 = Debug|Any CPU
		{EEF9810F-B037-4A40-A644-FD4F35D5A419}.EasyTest|Any CPU.ActiveCfg = EasyTest|Any CPU
		{EEF9810F-B037-4A40-A644-FD4F35D5A419}.EasyTest|Any CPU.Build.0 = EasyTest|Any CPU
		{EEF9810F-B037-4A40-A644-FD4F35D5A419}.Release|Any CPU.ActiveCfg = Release|Any CPU
		{EEF9810F-B037-4A40-A644-FD4F35D5A419}.Release|Any CPU.Build.0 = Release|Any CPU
		{5606E474-BE57-4663-84F8-9778A7F15FB2}.Debug|Any CPU.ActiveCfg = Debug|Any CPU
		{5606E474-BE57-4663-84F8-9778A7F15FB2}.Debug|Any CPU.Build.0 = Debug|Any CPU
		{5606E474-BE57-4663-84F8-9778A7F15FB2}.EasyTest|Any CPU.ActiveCfg = EasyTest|Any CPU
		{5606E474-BE57-4663-84F8-9778A7F15FB2}.EasyTest|Any CPU.Build.0 = EasyTest|Any CPU
		{5606E474-BE57-4663-84F8-9778A7F15FB2}.Release|Any CPU.ActiveCfg = Release|Any CPU
		{5606E474-BE57-4663-84F8-9778A7F15FB2}.Release|Any CPU.Build.0 = Release|Any CPU
		{A76E2FEC-6397-4F0C-A6CC-0C0166AB1481}.Debug|Any CPU.ActiveCfg = Debug|Any CPU
		{A76E2FEC-6397-4F0C-A6CC-0C0166AB1481}.Debug|Any CPU.Build.0 = Debug|Any CPU
		{A76E2FEC-6397-4F0C-A6CC-0C0166AB1481}.EasyTest|Any CPU.ActiveCfg = EasyTest|Any CPU
		{A76E2FEC-6397-4F0C-A6CC-0C0166AB1481}.EasyTest|Any CPU.Build.0 = EasyTest|Any CPU
		{A76E2FEC-6397-4F0C-A6CC-0C0166AB1481}.Release|Any CPU.ActiveCfg = Release|Any CPU
		{A76E2FEC-6397-4F0C-A6CC-0C0166AB1481}.Release|Any CPU.Build.0 = Release|Any CPU
	EndGlobalSection
	GlobalSection(SolutionProperties) = preSolution
		HideSolutionNode = FALSE
	EndGlobalSection
	GlobalSection(ExtensibilityGlobals) = postSolution
		SolutionGuid = {E649B2CA-772F-4434-9E67-57CF242381B3}
	EndGlobalSection
EndGlobal
