
Microsoft Visual Studio Solution File, Format Version 12.00
# Visual Studio Version 16
VisualStudioVersion = 16.0.30804.86
MinimumVisualStudioVersion = 10.0.40219.1
Project("{F184B08F-C81C-45F6-A57F-5ABD9991F28F}") = "RuntimeDbChooser.Module", "RuntimeDbChooser.Module\RuntimeDbChooser.Module.vbproj", "{2778636D-909A-41DA-9AD7-1D22EA25F0BE}"
EndProject
Project("{F184B08F-C81C-45F6-A57F-5ABD9991F28F}") = "RuntimeDbChooser.Module.Web", "RuntimeDbChooser.Module.Web\RuntimeDbChooser.Module.Web.vbproj", "{1D16BDE7-6EF1-420D-8DA4-7023AF94B17B}"
EndProject
Project("{F184B08F-C81C-45F6-A57F-5ABD9991F28F}") = "RuntimeDbChooser.Module.Win", "RuntimeDbChooser.Module.Win\RuntimeDbChooser.Module.Win.vbproj", "{8EFF6C61-263A-4B46-8A58-FC9968F2C995}"
EndProject
Project("{F184B08F-C81C-45F6-A57F-5ABD9991F28F}") = "RuntimeDbChooser.Web", "RuntimeDbChooser.Web\RuntimeDbChooser.Web.vbproj", "{95119FDA-F3FB-4F3C-A418-CFD1A6232A3A}"
EndProject
Project("{F184B08F-C81C-45F6-A57F-5ABD9991F28F}") = "RuntimeDbChooser.Win", "RuntimeDbChooser.Win\RuntimeDbChooser.Win.vbproj", "{E6A2B307-7089-4251-AC7B-CCA4181F8EDC}"
EndProject
Global
	GlobalSection(SolutionConfigurationPlatforms) = preSolution
		Debug|Any CPU = Debug|Any CPU
		EasyTest|Any CPU = EasyTest|Any CPU
		Release|Any CPU = Release|Any CPU
	EndGlobalSection
	GlobalSection(ProjectConfigurationPlatforms) = postSolution
		{2778636D-909A-41DA-9AD7-1D22EA25F0BE}.Debug|Any CPU.ActiveCfg = Debug|Any CPU
		{2778636D-909A-41DA-9AD7-1D22EA25F0BE}.Debug|Any CPU.Build.0 = Debug|Any CPU
		{2778636D-909A-41DA-9AD7-1D22EA25F0BE}.EasyTest|Any CPU.ActiveCfg = EasyTest|Any CPU
		{2778636D-909A-41DA-9AD7-1D22EA25F0BE}.EasyTest|Any CPU.Build.0 = EasyTest|Any CPU
		{2778636D-909A-41DA-9AD7-1D22EA25F0BE}.Release|Any CPU.ActiveCfg = Release|Any CPU
		{2778636D-909A-41DA-9AD7-1D22EA25F0BE}.Release|Any CPU.Build.0 = Release|Any CPU
		{1D16BDE7-6EF1-420D-8DA4-7023AF94B17B}.Debug|Any CPU.ActiveCfg = Debug|Any CPU
		{1D16BDE7-6EF1-420D-8DA4-7023AF94B17B}.Debug|Any CPU.Build.0 = Debug|Any CPU
		{1D16BDE7-6EF1-420D-8DA4-7023AF94B17B}.EasyTest|Any CPU.ActiveCfg = EasyTest|Any CPU
		{1D16BDE7-6EF1-420D-8DA4-7023AF94B17B}.EasyTest|Any CPU.Build.0 = EasyTest|Any CPU
		{1D16BDE7-6EF1-420D-8DA4-7023AF94B17B}.Release|Any CPU.ActiveCfg = Release|Any CPU
		{1D16BDE7-6EF1-420D-8DA4-7023AF94B17B}.Release|Any CPU.Build.0 = Release|Any CPU
		{8EFF6C61-263A-4B46-8A58-FC9968F2C995}.Debug|Any CPU.ActiveCfg = Debug|Any CPU
		{8EFF6C61-263A-4B46-8A58-FC9968F2C995}.Debug|Any CPU.Build.0 = Debug|Any CPU
		{8EFF6C61-263A-4B46-8A58-FC9968F2C995}.EasyTest|Any CPU.ActiveCfg = EasyTest|Any CPU
		{8EFF6C61-263A-4B46-8A58-FC9968F2C995}.EasyTest|Any CPU.Build.0 = EasyTest|Any CPU
		{8EFF6C61-263A-4B46-8A58-FC9968F2C995}.Release|Any CPU.ActiveCfg = Release|Any CPU
		{8EFF6C61-263A-4B46-8A58-FC9968F2C995}.Release|Any CPU.Build.0 = Release|Any CPU
		{95119FDA-F3FB-4F3C-A418-CFD1A6232A3A}.Debug|Any CPU.ActiveCfg = Debug|Any CPU
		{95119FDA-F3FB-4F3C-A418-CFD1A6232A3A}.Debug|Any CPU.Build.0 = Debug|Any CPU
		{95119FDA-F3FB-4F3C-A418-CFD1A6232A3A}.EasyTest|Any CPU.ActiveCfg = EasyTest|Any CPU
		{95119FDA-F3FB-4F3C-A418-CFD1A6232A3A}.EasyTest|Any CPU.Build.0 = EasyTest|Any CPU
		{95119FDA-F3FB-4F3C-A418-CFD1A6232A3A}.Release|Any CPU.ActiveCfg = Release|Any CPU
		{95119FDA-F3FB-4F3C-A418-CFD1A6232A3A}.Release|Any CPU.Build.0 = Release|Any CPU
		{E6A2B307-7089-4251-AC7B-CCA4181F8EDC}.Debug|Any CPU.ActiveCfg = Debug|Any CPU
		{E6A2B307-7089-4251-AC7B-CCA4181F8EDC}.Debug|Any CPU.Build.0 = Debug|Any CPU
		{E6A2B307-7089-4251-AC7B-CCA4181F8EDC}.EasyTest|Any CPU.ActiveCfg = EasyTest|Any CPU
		{E6A2B307-7089-4251-AC7B-CCA4181F8EDC}.EasyTest|Any CPU.Build.0 = EasyTest|Any CPU
		{E6A2B307-7089-4251-AC7B-CCA4181F8EDC}.Release|Any CPU.ActiveCfg = Release|Any CPU
		{E6A2B307-7089-4251-AC7B-CCA4181F8EDC}.Release|Any CPU.Build.0 = Release|Any CPU
	EndGlobalSection
	GlobalSection(SolutionProperties) = preSolution
		HideSolutionNode = FALSE
	EndGlobalSection
	GlobalSection(ExtensibilityGlobals) = postSolution
		SolutionGuid = {7AE4E153-DE8C-4C56-BAF7-920D7E61EF0D}
	EndGlobalSection
EndGlobal
